--[[
File: dependencies.lock
Date: 2026-08-30
Author: WaterRun
Description: Locks every source that may contribute bytes to a yaca package.
]]

-- This is executable Lua data so the release tests can load it without a
-- second parser.  It performs no I/O and does not authorize a release.
return {
    schema_version = "yaca-dependency-lock-v1",
    lock_date = "2026-08-30",
    lock_status = "source-locked-target-artifacts-unqualified",
    release_authorized = false,
    target_artifacts_qualified = false,
    hash_algorithm = "sha256",

    component_order = {
        "yaca",
        "luainstaller",
        "lua",
        "luaexpat",
        "expat",
        "curl",
        "mbedtls",
        "ca-bundle",
    },

    components = {
        yaca = {
            name = "yaca",
            version = "0.1.0",
            spdx_id = "SPDXRef-Package-yaca",
            purpose = "application",
            delivery = "application-and-native-source",
            source_type = "git",
            source_url = "https://github.com/Water-Run/yaca.git",
            revision_policy = "exact-build-commit",
            license = "GPL-3.0-only",
            shipped = true,
            qualification = "pending-all-targets",
        },
        luainstaller = {
            name = "luainstaller",
            version = "1.3.0",
            spdx_id = "SPDXRef-Package-luainstaller",
            purpose = "build-tool-and-generated-runtime",
            delivery = "generated-launcher-and-relinking-materials",
            source_type = "git",
            source_url = "https://github.com/Water-Run/luainstaller.git",
            tag = "v1.3.0",
            revision = "97192d100077b31b61dc8f94427e14df1c68a9eb",
            downstream_patches = {
                {
                    path = "release/patches/luainstaller-1.3.0-resources.patch",
                    sha256 = "974cf25b51ab644c8af60a7f2524a5670b1fea38e35ad733267ac4775c5d9dff",
                    purpose = "explicit-hash-verified-resource-overlay",
                    applies_to_revision = "97192d100077b31b61dc8f94427e14df1c68a9eb",
                    base_file_sha256 = {
                        ["src/init.lua"] = "55694d5e1c349362206e24a3ee8670977e5ea40fd51f0a457b221c95a84fce2d",
                        ["src/manifest.lua"] = "d86f856d0346a5f42a6611532f29f745f4dab10f892bc2cdf25148e134fc3065",
                        ["src/bundler.lua"] = "502da4a599ee0565d11d6c58455a1834d3333f31f8c247e6ee8260fb1dafcfae",
                        ["src/onefile.lua"] = "363e9a78d157821be7d6e222a4494c1f65998f5cc920c6f4cfcc0eee01dae610",
                    },
                },
            },
            license = "LGPL-3.0-or-later",
            shipped = true,
            qualification = "pending-all-targets",
        },
        lua = {
            name = "Lua",
            version = "5.5.1",
            spdx_id = "SPDXRef-Package-lua",
            purpose = "runtime",
            delivery = "embedded-by-luainstaller",
            source_type = "archive",
            source_url = "https://www.lua.org/ftp/lua-5.5.1.tar.gz",
            source_filename = "lua-5.5.1.tar.gz",
            sha256 = "1c4b4068d67061f2a2231ad2b5422e77acea1487ea9890f6320af614f4373dce",
            license = "MIT",
            shipped = true,
            qualification = "pending-all-targets",
        },
        luaexpat = {
            name = "LuaExpat",
            version = "1.5.2",
            spdx_id = "SPDXRef-Package-luaexpat",
            purpose = "library",
            delivery = "target-built-lxp-native-module",
            source_type = "archive",
            source_url = "https://github.com/lunarmodules/luaexpat/archive/refs/tags/1.5.2.tar.gz",
            source_filename = "luaexpat-1.5.2.tar.gz",
            sha256 = "89d83f2141edec31be576425637216928221918fe95dc3854d1b7fd4c627213f",
            license = "MIT",
            shipped = true,
            qualification = "pending-all-targets",
        },
        expat = {
            name = "Expat",
            version = "2.8.2",
            spdx_id = "SPDXRef-Package-expat",
            purpose = "library",
            delivery = "static-into-lxp",
            source_type = "archive",
            source_url = "https://github.com/libexpat/libexpat/releases/download/"
                .. "R_2_8_2/expat-2.8.2.tar.gz",
            source_filename = "expat-2.8.2.tar.gz",
            sha256 = "ef7d1994f533c9e7343d6c19f31064fc8ebbcbcaa144be3812b4f43052a05f4c",
            license = "MIT",
            shipped = true,
            qualification = "pending-all-targets",
        },
        curl = {
            name = "curl",
            version = "8.21.0",
            spdx_id = "SPDXRef-Package-curl",
            purpose = "application",
            delivery = "target-built-bundled-executable",
            source_type = "archive",
            source_url = "https://curl.se/download/curl-8.21.0.tar.xz",
            source_filename = "curl-8.21.0.tar.xz",
            sha256 = "aa1b66a70eace83dc624508745646c08ae561de512ab403adffb93ac87fc72e6",
            downstream_patches = {
                {
                    path = "release/patches/curl-8.21.0-winxp.patch",
                    sha256 = "8dd8c9d31dca0a5611a88f662bcda56a3531caebd638d63f78ff9ae1ed9c594f",
                    purpose = "restore-win32-xp-static-http-https-compatibility",
                    applies_to_source_sha256 = "aa1b66a70eace83dc624508745646c08ae561de512ab403adffb93ac87fc72e6",
                    target_ids = { "win32-x86" },
                    base_file_sha256 = {
                        ["configure"] = "236bffd8111d66cb9a17a2e64978718a1ee182fce8f25ef8fc99f56393aa3348",
                        ["configure.ac"] = "44ab8614c3e824b5bbe0e1d0694211dd8fb9c7ac62c47b3f1e8987dea9ed98a8",
                        ["lib/curl_setup.h"] = "8b8233cb31aa58d40965b4d53c428b0e5fc742c041148acbd88bcce5f7ec17cc",
                        ["lib/easy_lock.h"] = "1b3abe3b6ff8d78228e6dffbcf954c38fe05283427a8e7bddaaa37d9caa172af",
                        ["lib/curl_threads.h"] = "6b23757a99b103e600cd9f8f894dfb2d0cb146f24274f77cad692f7f84a613c0",
                        ["lib/curl_threads.c"] = "5233500c2dab55f9a78ca8fab8b134963ff80d8b254f1d3c76bbff2a45927fbc",
                        ["lib/rand.c"] = "d13469813cad22319eb68375d464757e01bb162a9775bce29c2407e6da14a661",
                        ["lib/curlx/timeval.c"] = "c72e3fa44b771af5f9f5f13343d5a28e9183203e783395d1d76289ac3a51504e",
                        ["lib/curlx/fopen.c"] = "ac1ee4422a0e278a41c46173cbd8c0508ec7e382374e968abbf99bf59028116b",
                    },
                },
            },
            license = "curl",
            shipped = true,
            qualification = "pending-all-targets",
        },
        mbedtls = {
            name = "Mbed TLS",
            version = "3.6.7",
            spdx_id = "SPDXRef-Package-mbedtls",
            purpose = "library",
            delivery = "static-into-curl",
            source_type = "archive",
            source_url = "https://github.com/Mbed-TLS/mbedtls/releases/download/"
                .. "mbedtls-3.6.7/mbedtls-3.6.7.tar.bz2",
            source_filename = "mbedtls-3.6.7.tar.bz2",
            sha256 = "a7e8bcbec0e6f761b4af24f25677626b35f762f68eef79c08677a363212d11f6",
            downstream_patches = {
                {
                    path = "release/patches/mbedtls-3.6.7-winxp.patch",
                    sha256 = "500c30ccad77f5e33d95c2241b97b6f879dcc1525de6c58b0456fbdd9c6dd4f2",
                    purpose = "restore-win32-xp-entropy-and-crt-compatibility",
                    applies_to_source_sha256 = "a7e8bcbec0e6f761b4af24f25677626b35f762f68eef79c08677a363212d11f6",
                    target_ids = { "win32-x86" },
                    base_file_sha256 = {
                        ["library/entropy_poll.c"] = "472e1ba8dfcd751cac88da649987c1422d0e263ffb57ad406bc6652282d48bc4",
                        ["library/platform.c"] = "69f5e0c95478d792ac5654af56817c8272a68c322010e342afacc90e6d57524d",
                    },
                },
            },
            license = "Apache-2.0",
            upstream_license = "Apache-2.0 OR GPL-2.0-or-later",
            shipped = true,
            qualification = "pending-all-targets",
        },
        ["ca-bundle"] = {
            name = "Mozilla CA Certificate Store PEM",
            version = "2026-08-13",
            spdx_id = "SPDXRef-Package-ca-bundle",
            purpose = "data",
            delivery = "bundled-cacert.pem",
            source_type = "file",
            source_url = "https://curl.se/ca/cacert.pem",
            source_filename = "cacert.pem",
            sha256 = "f66dff1bdf8f96060b8177976f8b7d9254bc89bc4db933d769f7384d28480bc9",
            license = "MPL-2.0",
            provenance = "Mozilla NSS roots converted by curl mk-ca-bundle",
            certificate_count = 121,
            shipped = true,
            qualification = "pending-all-targets",
        },
    },

    curl_profile = {
        source_component = "curl",
        tls_component = "mbedtls",
        ca_component = "ca-bundle",
        linkage = "static-tls-closure",
        protocols = { "http", "https" },
        proxy = { "http", "https-connect" },
        response_encoding = "identity-only",
        automatic_retry = false,
        automatic_redirect = false,
        ambient_config = false,
        ambient_netrc = false,
        ambient_ca = false,
        native_ca = false,
        minimum_tls = "TLSv1.2-or-newer",
        certificate_verification = "bundled-ca-required",
        proxy_certificate_verification = "bundled-ca-required",
        upx = false,
        allowed_non_system_runtime_dependencies = {},
        disabled_features = {
            "alt-svc", "brotli", "cookies", "dict", "file-protocol", "ftp",
            "gopher", "hsts", "http2", "http3", "idn", "imap", "ldap",
            "libpsl", "mqtt", "netrc", "ntlm", "pop3", "rtmp", "rtsp",
            "smb", "smtp", "ssh", "telnet", "tftp", "websocket", "zlib",
            "zstd",
        },
        target_compatibility = {
            qualification = "pending",
            upstream_windows_minimum = "Windows Vista since curl 8.19.0",
            win32_xp = "compatibility-build-and-real-XP-proof-required",
            win64 = "real-Windows-7-proof-required",
            linux = "real-CentOS-7-proof-required",
        },
        target_build_overrides = {
            ["win32-x86"] = {
                win32_winnt = "0x0501",
                subsystem_version = "5.01",
                resolver = "blocking",
                ipv6 = false,
                entropy = "CryptoAPI-CryptGenRandom",
                system_crt = "XP-msvcrt-import-surface",
                downstream_patch_components = { "curl", "mbedtls" },
            },
        },
    },

    target_policy = {
        ["win32-x86"] = {
            id = "win32-x86", os = "windows", arch = "x86",
            minimum = "Windows XP SP3",
            object_format = "PE32-i386", lua_abi = "5.5",
            executable = "yaca.exe", curl_executable = "curl.exe",
            native_extension = ".dll", qualification = "pending",
        },
        ["win64-x86_64"] = {
            id = "win64-x86_64", os = "windows", arch = "x86_64",
            minimum = "Windows 7 SP1",
            object_format = "PE32+-x86-64", lua_abi = "5.5",
            executable = "yaca.exe", curl_executable = "curl.exe",
            native_extension = ".dll", qualification = "pending",
        },
        ["linux-x86_64"] = {
            id = "linux-x86_64", os = "linux", arch = "x86_64",
            minimum = "CentOS 7 x86_64",
            object_format = "ELF64-x86-64", lua_abi = "5.5",
            executable = "yaca", curl_executable = "curl",
            native_extension = ".so", qualification = "pending",
        },
    },

    relationships = {
        { from = "yaca", kind = "GENERATED_FROM", to = "luainstaller" },
        { from = "yaca", kind = "DEPENDS_ON", to = "lua" },
        { from = "yaca", kind = "DEPENDS_ON", to = "luaexpat" },
        { from = "luaexpat", kind = "STATIC_LINK", to = "expat" },
        { from = "yaca", kind = "DEPENDS_ON", to = "curl" },
        { from = "curl", kind = "STATIC_LINK", to = "mbedtls" },
        { from = "curl", kind = "DEPENDS_ON", to = "ca-bundle" },
    },

    license_policy = {
        component_manifest_required = true,
        spdx_version = "SPDX-2.3",
        spdx_data_license = "CC0-1.0",
        notices_in_archive = true,
        corresponding_source_reference_required = true,
        required_license_ids = {
            "GPL-3.0-only", "LGPL-3.0-or-later", "MIT", "curl",
            "Apache-2.0", "MPL-2.0",
        },
    },

    historical_bin_policy = {
        copy_tree = false,
        accept_individual_file = false,
        forbidden_roots = { "bin", "./bin" },
        reason = "historical binaries have incompatible ABI or unauditable compression",
        observations = {
            "linux-curl-is-ELF32-x32-not-linux-x86_64",
            "windows-curl-is-UPX-compressed",
            "historical-ca-bundle-is-not-the-locked-2026-08-13-file",
        },
    },
}
